{
  "name": "create-winston-config",
  "version": "0.3.2",
  "lockfileVersion": 1,
  "requires": true,
  "dependencies": {
    "async": {
      "version": "2.6.1",
      "resolved": "https://registry.npmjs.org/async/-/async-2.6.1.tgz",
      "integrity": "sha512-fNEiL2+AZt6AlAw/29Cr0UDe4sRAHCpEHh54WMz+Bb7QfNcFw4h3loofyJpLeQs4Yx7yuqu/2dLgM5hKOs6HlQ==",
      "requires": {
        "lodash": "4.17.10"
      }
    },
    "color": {
      "version": "0.8.0",
      "resolved": "https://registry.npmjs.org/color/-/color-0.8.0.tgz",
      "integrity": "sha1-iQwHw/1OZJU3Y4kRz2keVFi2/KU=",
      "requires": {
        "color-convert": "0.5.3",
        "color-string": "0.3.0"
      }
    },
    "color-convert": {
      "version": "0.5.3",
      "resolved": "https://registry.npmjs.org/color-convert/-/color-convert-0.5.3.tgz",
      "integrity": "sha1-vbbGnOZg+t/+CwAHzER+G59ygr0="
    },
    "color-name": {
      "version": "1.1.3",
      "resolved": "https://registry.npmjs.org/color-name/-/color-name-1.1.3.tgz",
      "integrity": "sha1-p9BVi9icQveV3UIyj3QIMcpTvCU="
    },
    "color-string": {
      "version": "0.3.0",
      "resolved": "https://registry.npmjs.org/color-string/-/color-string-0.3.0.tgz",
      "integrity": "sha1-J9RvtnAlxcL6JZk7+/V55HhBuZE=",
      "requires": {
        "color-name": "1.1.3"
      }
    },
    "colornames": {
      "version": "0.0.2",
      "resolved": "https://registry.npmjs.org/colornames/-/colornames-0.0.2.tgz",
      "integrity": "sha1-2BH9bIT1kClJmorEQ2ICk1uSvjE="
    },
    "colorspace": {
      "version": "1.0.1",
      "resolved": "https://registry.npmjs.org/colorspace/-/colorspace-1.0.1.tgz",
      "integrity": "sha1-yZx5btMRKLmHalLh7l7gOkpxl0k=",
      "requires": {
        "color": "0.8.0",
        "text-hex": "0.0.0"
      }
    },
    "cycle": {
      "version": "1.0.3",
      "resolved": "https://registry.npmjs.org/cycle/-/cycle-1.0.3.tgz",
      "integrity": "sha1-IegLK+hYD5i0aPN5QwZisEbDStI="
    },
    "diagnostics": {
      "version": "1.1.0",
      "resolved": "https://registry.npmjs.org/diagnostics/-/diagnostics-1.1.0.tgz",
      "integrity": "sha1-4QkJALSVI+hSe+IPCBJ1IF8q42o=",
      "requires": {
        "colorspace": "1.0.1",
        "enabled": "1.0.2",
        "kuler": "0.0.0"
      }
    },
    "enabled": {
      "version": "1.0.2",
      "resolved": "https://registry.npmjs.org/enabled/-/enabled-1.0.2.tgz",
      "integrity": "sha1-ll9lE9LC0cX0ZStkouM5ZGf8L5M=",
      "requires": {
        "env-variable": "0.0.4"
      }
    },
    "env-variable": {
      "version": "0.0.4",
      "resolved": "https://registry.npmjs.org/env-variable/-/env-variable-0.0.4.tgz",
      "integrity": "sha512-+jpGxSWG4vr6gVxUHOc4p+ilPnql7NzZxOZBxNldsKGjCF+97df3CbuX7XMaDa5oAVkKQj4rKp38rYdC4VcpDg=="
    },
    "fecha": {
      "version": "2.3.3",
      "resolved": "https://registry.npmjs.org/fecha/-/fecha-2.3.3.tgz",
      "integrity": "sha512-lUGBnIamTAwk4znq5BcqsDaxSmZ9nDVJaij6NvRt/Tg4R69gERA+otPKbS86ROw9nxVMw2/mp1fnaiWqbs6Sdg=="
    },
    "file-stream-rotator": {
      "version": "0.2.1",
      "resolved": "https://registry.npmjs.org/file-stream-rotator/-/file-stream-rotator-0.2.1.tgz",
      "integrity": "sha1-DW/qGpp6uiWofP0xtuJp5E6PCvI=",
      "requires": {
        "moment": "2.22.1"
      }
    },
    "is-stream": {
      "version": "1.1.0",
      "resolved": "https://registry.npmjs.org/is-stream/-/is-stream-1.1.0.tgz",
      "integrity": "sha1-EtSj3U5o4Lec6428hBc66A2RykQ="
    },
    "kuler": {
      "version": "0.0.0",
      "resolved": "https://registry.npmjs.org/kuler/-/kuler-0.0.0.tgz",
      "integrity": "sha1-tmu0a5NOVQ9Z2BiEjgq7pPf1VTw=",
      "requires": {
        "colornames": "0.0.2"
      }
    },
    "lodash": {
      "version": "4.17.10",
      "resolved": "https://registry.npmjs.org/lodash/-/lodash-4.17.10.tgz",
      "integrity": "sha512-UejweD1pDoXu+AD825lWwp4ZGtSwgnpZxb3JDViD7StjQz+Nb/6l093lx4OQ0foGWNRoc19mWy7BzL+UAK2iVg=="
    },
    "logform": {
      "version": "1.6.0",
      "resolved": "https://registry.npmjs.org/logform/-/logform-1.6.0.tgz",
      "integrity": "sha512-mW+96uQYDbZDInnO/iby9v3MG19Ei5LYuRGc/iCF2L8KmYveGhvVWQewHOsG/eBBukTUVRv83P4mQQEbqvKC4Q==",
      "requires": {
        "colors": "1.2.5",
        "fecha": "2.3.3",
        "ms": "2.1.1",
        "triple-beam": "1.2.0"
      },
      "dependencies": {
        "colors": {
          "version": "1.2.5",
          "resolved": "https://registry.npmjs.org/colors/-/colors-1.2.5.tgz",
          "integrity": "sha512-erNRLao/Y3Fv54qUa0LBB+//Uf3YwMUmdJinN20yMXm9zdKKqH9wt7R9IIVZ+K7ShzfpLV/Zg8+VyrBJYB4lpg=="
        }
      }
    },
    "moment": {
      "version": "2.22.1",
      "resolved": "https://registry.npmjs.org/moment/-/moment-2.22.1.tgz",
      "integrity": "sha512-shJkRTSebXvsVqk56I+lkb2latjBs8I+pc2TzWc545y2iFnSjm7Wg0QMh+ZWcdSLQyGEau5jI8ocnmkyTgr9YQ=="
    },
    "ms": {
      "version": "2.1.1",
      "resolved": "https://registry.npmjs.org/ms/-/ms-2.1.1.tgz",
      "integrity": "sha512-tgp+dl5cGk28utYktBsrFqA7HKgrhgPsg6Z/EfhWI4gl1Hwq8B/GmY/0oXZ6nF8hDVesS/FpnYaD/kOWhYQvyg=="
    },
    "one-time": {
      "version": "0.0.4",
      "resolved": "https://registry.npmjs.org/one-time/-/one-time-0.0.4.tgz",
      "integrity": "sha1-+M33eISCb+Tf+T46nMN7HkSAdC4="
    },
    "semver": {
      "version": "5.5.0",
      "resolved": "https://registry.npmjs.org/semver/-/semver-5.5.0.tgz",
      "integrity": "sha512-4SJ3dm0WAwWy/NVeioZh5AntkdJoWKxHxcmyP622fOkgHa4z3R0TdBJICINyaSDE6uNwVc8gZr+ZinwZAH4xIA=="
    },
    "stack-trace": {
      "version": "0.0.10",
      "resolved": "https://registry.npmjs.org/stack-trace/-/stack-trace-0.0.10.tgz",
      "integrity": "sha1-VHxws0fo0ytOEI6hoqFZ5f3eGcA="
    },
    "text-hex": {
      "version": "0.0.0",
      "resolved": "https://registry.npmjs.org/text-hex/-/text-hex-0.0.0.tgz",
      "integrity": "sha1-V4+8haapJjbkLdF7QdAhjM6esrM="
    },
    "triple-beam": {
      "version": "1.2.0",
      "resolved": "https://registry.npmjs.org/triple-beam/-/triple-beam-1.2.0.tgz",
      "integrity": "sha512-nw1CkXiwTt0sdF0i+MRTvslFK7pme9sPGY1MjuZV14HB/pLL3Srw9LsphR1Qo0SYDPMFetpcY/bA3DjPA+R+1g=="
    },
    "winston": {
      "version": "3.0.0-rc5",
      "resolved": "https://registry.npmjs.org/winston/-/winston-3.0.0-rc5.tgz",
      "integrity": "sha512-BRYS7jsNkfLAqGu4dZW3kp6CmqiWKrComvfsIMYdsnpPre7g8BIw63nWRyX69vxyLYvZdszcEyxJkJmILXd/pA==",
      "requires": {
        "async": "2.6.1",
        "diagnostics": "1.1.0",
        "is-stream": "1.1.0",
        "logform": "1.6.0",
        "one-time": "0.0.4",
        "stack-trace": "0.0.10",
        "triple-beam": "1.2.0",
        "winston-transport": "3.2.1"
      }
    },
    "winston-compat": {
      "version": "0.1.3",
      "resolved": "https://registry.npmjs.org/winston-compat/-/winston-compat-0.1.3.tgz",
      "integrity": "sha512-Lwyy1tTXEB7b14+qpik0YX9d6c3ErGAvdh7eNY0WM/R4oGDdqdgTluLt6BYCMHa8RGXUa/mm8gL2jgK/uhhnRg==",
      "requires": {
        "cycle": "1.0.3",
        "logform": "1.6.0",
        "triple-beam": "1.2.0"
      }
    },
    "winston-daily-rotate-file": {
      "version": "3.1.4",
      "resolved": "https://registry.npmjs.org/winston-daily-rotate-file/-/winston-daily-rotate-file-3.1.4.tgz",
      "integrity": "sha512-d38DIAPei7VYBn/0YFoC2V66N8DzNUVmQe6o6+kUxLWfCNRcrg5xHvnXe4MaFE2TSPaMiSC7/Iu7UZaV3D2Wbw==",
      "requires": {
        "file-stream-rotator": "0.2.1",
        "semver": "5.5.0",
        "triple-beam": "1.2.0",
        "winston-compat": "0.1.3"
      }
    },
    "winston-transport": {
      "version": "3.2.1",
      "resolved": "https://registry.npmjs.org/winston-transport/-/winston-transport-3.2.1.tgz",
      "integrity": "sha512-WPqbdAmMK/kfWCWKM2bA1o997wWPZ0jg5NpO8JPqoaDZgCiZnFpIEddcf7Ur4UZV2sYRUdySVBWKx0+gQQ/jrg=="
    }
  }
}
